
Microsoft Visual Studio Solution File, Format Version 12.00
# Visual Studio Version 16
VisualStudioVersion = 16.0.31515.178
MinimumVisualStudioVersion = 10.0.40219.1
Project("{8BC9CEB8-8B4A-11D0-8D11-00A0C91BC942}") = "GPU-K-Nearest-Neighbor", "GPU-K-Nearest-Neighbor\GPU-K-Nearest-Neighbor.vcxproj", "{D5F61375-FD75-460B-A454-A0EB02FDAD2E}"
EndProject
Global
	GlobalSection(SolutionConfigurationPlatforms) = preSolution
		Debug|x64 = Debug|x64
		Release|x64 = Release|x64
	EndGlobalSection
	GlobalSection(ProjectConfigurationPlatforms) = postSolution
		{D5F61375-FD75-460B-A454-A0EB02FDAD2E}.Debug|x64.ActiveCfg = Debug|x64
		{D5F61375-FD75-460B-A454-A0EB02FDAD2E}.Debug|x64.Build.0 = Debug|x64
		{D5F61375-FD75-460B-A454-A0EB02FDAD2E}.Release|x64.ActiveCfg = Release|x64
		{D5F61375-FD75-460B-A454-A0EB02FDAD2E}.Release|x64.Build.0 = Release|x64
	EndGlobalSection
	GlobalSection(SolutionProperties) = preSolution
		HideSolutionNode = FALSE
	EndGlobalSection
	GlobalSection(ExtensibilityGlobals) = postSolution
		SolutionGuid = {4A2F21C8-56F9-465E-93A5-B7194E7392F0}
	EndGlobalSection
EndGlobal
